
Microsoft Visual Studio Solution File, Format Version 12.00
# Visual Studio Version 16
VisualStudioVersion = 16.0.30517.126
MinimumVisualStudioVersion = 10.0.40219.1
Project("{FAE04EC0-301F-11D3-BF4B-00C04F79EFBC}") = "CSCI463-TermProject", "CSCI463-TermProject.csproj", "{733C47FE-5D26-4FFC-BFC7-8DC7BEA7061A}"
EndProject
Global
	GlobalSection(SolutionConfigurationPlatforms) = preSolution
		Debug|Any CPU = Debug|Any CPU
		Release|Any CPU = Release|Any CPU
	EndGlobalSection
	GlobalSection(ProjectConfigurationPlatforms) = postSolution
		{733C47FE-5D26-4FFC-BFC7-8DC7BEA7061A}.Debug|Any CPU.ActiveCfg = Debug|Any CPU
		{733C47FE-5D26-4FFC-BFC7-8DC7BEA7061A}.Debug|Any CPU.Build.0 = Debug|Any CPU
		{733C47FE-5D26-4FFC-BFC7-8DC7BEA7061A}.Release|Any CPU.ActiveCfg = Release|Any CPU
		{733C47FE-5D26-4FFC-BFC7-8DC7BEA7061A}.Release|Any CPU.Build.0 = Release|Any CPU
	EndGlobalSection
	GlobalSection(SolutionProperties) = preSolution
		HideSolutionNode = FALSE
	EndGlobalSection
	GlobalSection(ExtensibilityGlobals) = postSolution
		SolutionGuid = {E332F7E1-BF3E-4A4C-933D-D60244618F2E}
	EndGlobalSection
EndGlobal
